
Microsoft Visual Studio Solution File, Format Version 12.00
# Visual Studio Version 17
VisualStudioVersion = 17.6.33801.468
MinimumVisualStudioVersion = 10.0.40219.1
Project("{FAE04EC0-301F-11D3-BF4B-00C04F79EFBC}") = "PruebaTecnica.Concretes", "PruebaTecnica.Concretes\PruebaTecnica.Concretes.csproj", "{102701C6-C066-4841-A9E4-09B5D305139F}"
EndProject
Project("{FAE04EC0-301F-11D3-BF4B-00C04F79EFBC}") = "PruebaTecnica", "PruebaTecnica\PruebaTecnica.csproj", "{EB01CE77-4761-430E-BBBC-C24376E4CDC0}"
EndProject
Project("{FAE04EC0-301F-11D3-BF4B-00C04F79EFBC}") = "PruebaTecnica.Models", "PruebaTecnica.Models\PruebaTecnica.Models.csproj", "{6563AB4B-1F5C-4443-A039-E933B6434D3F}"
EndProject
Project("{FAE04EC0-301F-11D3-BF4B-00C04F79EFBC}") = "PruebaTecnica.Interfaces", "PruebaTecnica.Interfaces\PruebaTecnica.Interfaces.csproj", "{A0E5FA27-A131-4751-AC39-D8266DA2DCED}"
EndProject
Global
	GlobalSection(SolutionConfigurationPlatforms) = preSolution
		Debug|Any CPU = Debug|Any CPU
		Release|Any CPU = Release|Any CPU
	EndGlobalSection
	GlobalSection(ProjectConfigurationPlatforms) = postSolution
		{102701C6-C066-4841-A9E4-09B5D305139F}.Debug|Any CPU.ActiveCfg = Debug|Any CPU
		{102701C6-C066-4841-A9E4-09B5D305139F}.Debug|Any CPU.Build.0 = Debug|Any CPU
		{102701C6-C066-4841-A9E4-09B5D305139F}.Release|Any CPU.ActiveCfg = Release|Any CPU
		{102701C6-C066-4841-A9E4-09B5D305139F}.Release|Any CPU.Build.0 = Release|Any CPU
		{EB01CE77-4761-430E-BBBC-C24376E4CDC0}.Debug|Any CPU.ActiveCfg = Debug|Any CPU
		{EB01CE77-4761-430E-BBBC-C24376E4CDC0}.Debug|Any CPU.Build.0 = Debug|Any CPU
		{EB01CE77-4761-430E-BBBC-C24376E4CDC0}.Release|Any CPU.ActiveCfg = Release|Any CPU
		{EB01CE77-4761-430E-BBBC-C24376E4CDC0}.Release|Any CPU.Build.0 = Release|Any CPU
		{6563AB4B-1F5C-4443-A039-E933B6434D3F}.Debug|Any CPU.ActiveCfg = Debug|Any CPU
		{6563AB4B-1F5C-4443-A039-E933B6434D3F}.Debug|Any CPU.Build.0 = Debug|Any CPU
		{6563AB4B-1F5C-4443-A039-E933B6434D3F}.Release|Any CPU.ActiveCfg = Release|Any CPU
		{6563AB4B-1F5C-4443-A039-E933B6434D3F}.Release|Any CPU.Build.0 = Release|Any CPU
		{A0E5FA27-A131-4751-AC39-D8266DA2DCED}.Debug|Any CPU.ActiveCfg = Debug|Any CPU
		{A0E5FA27-A131-4751-AC39-D8266DA2DCED}.Debug|Any CPU.Build.0 = Debug|Any CPU
		{A0E5FA27-A131-4751-AC39-D8266DA2DCED}.Release|Any CPU.ActiveCfg = Release|Any CPU
		{A0E5FA27-A131-4751-AC39-D8266DA2DCED}.Release|Any CPU.Build.0 = Release|Any CPU
	EndGlobalSection
	GlobalSection(SolutionProperties) = preSolution
		HideSolutionNode = FALSE
	EndGlobalSection
	GlobalSection(ExtensibilityGlobals) = postSolution
		SolutionGuid = {38540B8B-FFB1-41DA-BF71-688388495307}
	EndGlobalSection
EndGlobal
